Microsoft Visual Studio Solution File, Format Version 12.00
# Visual Studio 14
Project("{8BC9CEB8-8B4A-11D0-8D11-00A0C91BC942}") = "ALL_BUILD", "ALL_BUILD.vcxproj", "{687A27E3-0BED-3761-9518-CD4AF3648131}"
	ProjectSection(ProjectDependencies) = postProject
		{32AC45C3-9405-3BC2-8451-6B3F6FAA08CD} = {32AC45C3-9405-3BC2-8451-6B3F6FAA08CD}
		{11801C9A-A07B-3678-85D4-070499D87274} = {11801C9A-A07B-3678-85D4-070499D87274}
		{0AEB103E-F975-3CEE-8020-A73AF08D955B} = {0AEB103E-F975-3CEE-8020-A73AF08D955B}
		{237CF629-B5ED-33BF-9418-6786F7958994} = {237CF629-B5ED-33BF-9418-6786F7958994}
		{EAB70969-D284-3B45-AE17-1BE1152FD26C} = {EAB70969-D284-3B45-AE17-1BE1152FD26C}
		{DE384CB7-BAFC-3699-8A1B-B09EA978A415} = {DE384CB7-BAFC-3699-8A1B-B09EA978A415}
	EndProjectSection
EndProject
Project("{8BC9CEB8-8B4A-11D0-8D11-00A0C91BC942}") = "ANTTWEAKBAR_116_OGLCORE_GLFW", "external\ANTTWEAKBAR_116_OGLCORE_GLFW.vcxproj", "{32AC45C3-9405-3BC2-8451-6B3F6FAA08CD}"
	ProjectSection(ProjectDependencies) = postProject
		{DAA7B19B-8E20-3252-AF06-8C9832E532B7} = {DAA7B19B-8E20-3252-AF06-8C9832E532B7}
	EndProjectSection
EndProject
Project("{8BC9CEB8-8B4A-11D0-8D11-00A0C91BC942}") = "CG_UFPel", "CG_UFPel.vcxproj", "{11801C9A-A07B-3678-85D4-070499D87274}"
	ProjectSection(ProjectDependencies) = postProject
		{32AC45C3-9405-3BC2-8451-6B3F6FAA08CD} = {32AC45C3-9405-3BC2-8451-6B3F6FAA08CD}
		{0AEB103E-F975-3CEE-8020-A73AF08D955B} = {0AEB103E-F975-3CEE-8020-A73AF08D955B}
		{237CF629-B5ED-33BF-9418-6786F7958994} = {237CF629-B5ED-33BF-9418-6786F7958994}
		{DAA7B19B-8E20-3252-AF06-8C9832E532B7} = {DAA7B19B-8E20-3252-AF06-8C9832E532B7}
		{EAB70969-D284-3B45-AE17-1BE1152FD26C} = {EAB70969-D284-3B45-AE17-1BE1152FD26C}
		{DE384CB7-BAFC-3699-8A1B-B09EA978A415} = {DE384CB7-BAFC-3699-8A1B-B09EA978A415}
	EndProjectSection
EndProject
Project("{8BC9CEB8-8B4A-11D0-8D11-00A0C91BC942}") = "GLEW_190", "external\GLEW_190.vcxproj", "{0AEB103E-F975-3CEE-8020-A73AF08D955B}"
	ProjectSection(ProjectDependencies) = postProject
		{DAA7B19B-8E20-3252-AF06-8C9832E532B7} = {DAA7B19B-8E20-3252-AF06-8C9832E532B7}
	EndProjectSection
EndProject
Project("{8BC9CEB8-8B4A-11D0-8D11-00A0C91BC942}") = "GLFW_303", "external\glfw-3.0.3\src\GLFW_303.vcxproj", "{237CF629-B5ED-33BF-9418-6786F7958994}"
	ProjectSection(ProjectDependencies) = postProject
		{DAA7B19B-8E20-3252-AF06-8C9832E532B7} = {DAA7B19B-8E20-3252-AF06-8C9832E532B7}
	EndProjectSection
EndProject
Project("{8BC9CEB8-8B4A-11D0-8D11-00A0C91BC942}") = "INSTALL", "INSTALL.vcxproj", "{88B40470-D1F0-3DF1-B9AD-334F914C4E2E}"
	ProjectSection(ProjectDependencies) = postProject
		{687A27E3-0BED-3761-9518-CD4AF3648131} = {687A27E3-0BED-3761-9518-CD4AF3648131}
	EndProjectSection
EndProject
Project("{8BC9CEB8-8B4A-11D0-8D11-00A0C91BC942}") = "ZERO_CHECK", "ZERO_CHECK.vcxproj", "{DAA7B19B-8E20-3252-AF06-8C9832E532B7}"
	ProjectSection(ProjectDependencies) = postProject
	EndProjectSection
EndProject
Project("{8BC9CEB8-8B4A-11D0-8D11-00A0C91BC942}") = "assimp", "external\assimp-3.0.1270\code\assimp.vcxproj", "{EAB70969-D284-3B45-AE17-1BE1152FD26C}"
	ProjectSection(ProjectDependencies) = postProject
		{DAA7B19B-8E20-3252-AF06-8C9832E532B7} = {DAA7B19B-8E20-3252-AF06-8C9832E532B7}
		{DE384CB7-BAFC-3699-8A1B-B09EA978A415} = {DE384CB7-BAFC-3699-8A1B-B09EA978A415}
	EndProjectSection
EndProject
Project("{8BC9CEB8-8B4A-11D0-8D11-00A0C91BC942}") = "zlib", "external\assimp-3.0.1270\contrib\zlib\zlib.vcxproj", "{DE384CB7-BAFC-3699-8A1B-B09EA978A415}"
	ProjectSection(ProjectDependencies) = postProject
		{DAA7B19B-8E20-3252-AF06-8C9832E532B7} = {DAA7B19B-8E20-3252-AF06-8C9832E532B7}
	EndProjectSection
EndProject
Global
	GlobalSection(SolutionConfigurationPlatforms) = preSolution
		Debug|x64 = Debug|x64
		Release|x64 = Release|x64
		MinSizeRel|x64 = MinSizeRel|x64
		RelWithDebInfo|x64 = RelWithDebInfo|x64
	EndGlobalSection
	GlobalSection(ProjectConfigurationPlatforms) = postSolution
		{687A27E3-0BED-3761-9518-CD4AF3648131}.Debug|x64.ActiveCfg = Debug|x64
		{687A27E3-0BED-3761-9518-CD4AF3648131}.Debug|x64.Build.0 = Debug|x64
		{687A27E3-0BED-3761-9518-CD4AF3648131}.Release|x64.ActiveCfg = Release|x64
		{687A27E3-0BED-3761-9518-CD4AF3648131}.Release|x64.Build.0 = Release|x64
		{687A27E3-0BED-3761-9518-CD4AF3648131}.MinSizeRel|x64.ActiveCfg = MinSizeRel|x64
		{687A27E3-0BED-3761-9518-CD4AF3648131}.MinSizeRel|x64.Build.0 = MinSizeRel|x64
		{687A27E3-0BED-3761-9518-CD4AF3648131}.RelWithDebInfo|x64.ActiveCfg = RelWithDebInfo|x64
		{687A27E3-0BED-3761-9518-CD4AF3648131}.RelWithDebInfo|x64.Build.0 = RelWithDebInfo|x64
		{32AC45C3-9405-3BC2-8451-6B3F6FAA08CD}.Debug|x64.ActiveCfg = Debug|x64
		{32AC45C3-9405-3BC2-8451-6B3F6FAA08CD}.Debug|x64.Build.0 = Debug|x64
		{32AC45C3-9405-3BC2-8451-6B3F6FAA08CD}.Release|x64.ActiveCfg = Release|x64
		{32AC45C3-9405-3BC2-8451-6B3F6FAA08CD}.Release|x64.Build.0 = Release|x64
		{32AC45C3-9405-3BC2-8451-6B3F6FAA08CD}.MinSizeRel|x64.ActiveCfg = MinSizeRel|x64
		{32AC45C3-9405-3BC2-8451-6B3F6FAA08CD}.MinSizeRel|x64.Build.0 = MinSizeRel|x64
		{32AC45C3-9405-3BC2-8451-6B3F6FAA08CD}.RelWithDebInfo|x64.ActiveCfg = RelWithDebInfo|x64
		{32AC45C3-9405-3BC2-8451-6B3F6FAA08CD}.RelWithDebInfo|x64.Build.0 = RelWithDebInfo|x64
		{11801C9A-A07B-3678-85D4-070499D87274}.Debug|x64.ActiveCfg = Debug|x64
		{11801C9A-A07B-3678-85D4-070499D87274}.Debug|x64.Build.0 = Debug|x64
		{11801C9A-A07B-3678-85D4-070499D87274}.Release|x64.ActiveCfg = Release|x64
		{11801C9A-A07B-3678-85D4-070499D87274}.Release|x64.Build.0 = Release|x64
		{11801C9A-A07B-3678-85D4-070499D87274}.MinSizeRel|x64.ActiveCfg = MinSizeRel|x64
		{11801C9A-A07B-3678-85D4-070499D87274}.MinSizeRel|x64.Build.0 = MinSizeRel|x64
		{11801C9A-A07B-3678-85D4-070499D87274}.RelWithDebInfo|x64.ActiveCfg = RelWithDebInfo|x64
		{11801C9A-A07B-3678-85D4-070499D87274}.RelWithDebInfo|x64.Build.0 = RelWithDebInfo|x64
		{0AEB103E-F975-3CEE-8020-A73AF08D955B}.Debug|x64.ActiveCfg = Debug|x64
		{0AEB103E-F975-3CEE-8020-A73AF08D955B}.Debug|x64.Build.0 = Debug|x64
		{0AEB103E-F975-3CEE-8020-A73AF08D955B}.Release|x64.ActiveCfg = Release|x64
		{0AEB103E-F975-3CEE-8020-A73AF08D955B}.Release|x64.Build.0 = Release|x64
		{0AEB103E-F975-3CEE-8020-A73AF08D955B}.MinSizeRel|x64.ActiveCfg = MinSizeRel|x64
		{0AEB103E-F975-3CEE-8020-A73AF08D955B}.MinSizeRel|x64.Build.0 = MinSizeRel|x64
		{0AEB103E-F975-3CEE-8020-A73AF08D955B}.RelWithDebInfo|x64.ActiveCfg = RelWithDebInfo|x64
		{0AEB103E-F975-3CEE-8020-A73AF08D955B}.RelWithDebInfo|x64.Build.0 = RelWithDebInfo|x64
		{237CF629-B5ED-33BF-9418-6786F7958994}.Debug|x64.ActiveCfg = Debug|x64
		{237CF629-B5ED-33BF-9418-6786F7958994}.Debug|x64.Build.0 = Debug|x64
		{237CF629-B5ED-33BF-9418-6786F7958994}.Release|x64.ActiveCfg = Release|x64
		{237CF629-B5ED-33BF-9418-6786F7958994}.Release|x64.Build.0 = Release|x64
		{237CF629-B5ED-33BF-9418-6786F7958994}.MinSizeRel|x64.ActiveCfg = MinSizeRel|x64
		{237CF629-B5ED-33BF-9418-6786F7958994}.MinSizeRel|x64.Build.0 = MinSizeRel|x64
		{237CF629-B5ED-33BF-9418-6786F7958994}.RelWithDebInfo|x64.ActiveCfg = RelWithDebInfo|x64
		{237CF629-B5ED-33BF-9418-6786F7958994}.RelWithDebInfo|x64.Build.0 = RelWithDebInfo|x64
		{88B40470-D1F0-3DF1-B9AD-334F914C4E2E}.Debug|x64.ActiveCfg = Debug|x64
		{88B40470-D1F0-3DF1-B9AD-334F914C4E2E}.Release|x64.ActiveCfg = Release|x64
		{88B40470-D1F0-3DF1-B9AD-334F914C4E2E}.MinSizeRel|x64.ActiveCfg = MinSizeRel|x64
		{88B40470-D1F0-3DF1-B9AD-334F914C4E2E}.RelWithDebInfo|x64.ActiveCfg = RelWithDebInfo|x64
		{DAA7B19B-8E20-3252-AF06-8C9832E532B7}.Debug|x64.ActiveCfg = Debug|x64
		{DAA7B19B-8E20-3252-AF06-8C9832E532B7}.Debug|x64.Build.0 = Debug|x64
		{DAA7B19B-8E20-3252-AF06-8C9832E532B7}.Release|x64.ActiveCfg = Release|x64
		{DAA7B19B-8E20-3252-AF06-8C9832E532B7}.Release|x64.Build.0 = Release|x64
		{DAA7B19B-8E20-3252-AF06-8C9832E532B7}.MinSizeRel|x64.ActiveCfg = MinSizeRel|x64
		{DAA7B19B-8E20-3252-AF06-8C9832E532B7}.MinSizeRel|x64.Build.0 = MinSizeRel|x64
		{DAA7B19B-8E20-3252-AF06-8C9832E532B7}.RelWithDebInfo|x64.ActiveCfg = RelWithDebInfo|x64
		{DAA7B19B-8E20-3252-AF06-8C9832E532B7}.RelWithDebInfo|x64.Build.0 = RelWithDebInfo|x64
		{EAB70969-D284-3B45-AE17-1BE1152FD26C}.Debug|x64.ActiveCfg = Debug|x64
		{EAB70969-D284-3B45-AE17-1BE1152FD26C}.Debug|x64.Build.0 = Debug|x64
		{EAB70969-D284-3B45-AE17-1BE1152FD26C}.Release|x64.ActiveCfg = Release|x64
		{EAB70969-D284-3B45-AE17-1BE1152FD26C}.Release|x64.Build.0 = Release|x64
		{EAB70969-D284-3B45-AE17-1BE1152FD26C}.MinSizeRel|x64.ActiveCfg = MinSizeRel|x64
		{EAB70969-D284-3B45-AE17-1BE1152FD26C}.MinSizeRel|x64.Build.0 = MinSizeRel|x64
		{EAB70969-D284-3B45-AE17-1BE1152FD26C}.RelWithDebInfo|x64.ActiveCfg = RelWithDebInfo|x64
		{EAB70969-D284-3B45-AE17-1BE1152FD26C}.RelWithDebInfo|x64.Build.0 = RelWithDebInfo|x64
		{DE384CB7-BAFC-3699-8A1B-B09EA978A415}.Debug|x64.ActiveCfg = Debug|x64
		{DE384CB7-BAFC-3699-8A1B-B09EA978A415}.Debug|x64.Build.0 = Debug|x64
		{DE384CB7-BAFC-3699-8A1B-B09EA978A415}.Release|x64.ActiveCfg = Release|x64
		{DE384CB7-BAFC-3699-8A1B-B09EA978A415}.Release|x64.Build.0 = Release|x64
		{DE384CB7-BAFC-3699-8A1B-B09EA978A415}.MinSizeRel|x64.ActiveCfg = MinSizeRel|x64
		{DE384CB7-BAFC-3699-8A1B-B09EA978A415}.MinSizeRel|x64.Build.0 = MinSizeRel|x64
		{DE384CB7-BAFC-3699-8A1B-B09EA978A415}.RelWithDebInfo|x64.ActiveCfg = RelWithDebInfo|x64
		{DE384CB7-BAFC-3699-8A1B-B09EA978A415}.RelWithDebInfo|x64.Build.0 = RelWithDebInfo|x64
	EndGlobalSection
	GlobalSection(ExtensibilityGlobals) = postSolution
	EndGlobalSection
	GlobalSection(ExtensibilityAddIns) = postSolution
	EndGlobalSection
EndGlobal
