<?xml version="1.0" encoding="UTF-8"?>
<Project ToolsVersion="14.0" xmlns="http://schemas.microsoft.com/developer/msbuild/2003">
  <ItemGroup>
    <ClCompile Include="C:\Users\Inessa\Documents\Prova1\Questao_3\sources\controls.cpp">
      <Filter>Source Files</Filter>
    </ClCompile>
    <ClCompile Include="C:\Users\Inessa\Documents\Prova1\Questao_3\sources\main.cpp">
      <Filter>Source Files</Filter>
    </ClCompile>
    <ClCompile Include="C:\Users\Inessa\Documents\Prova1\Questao_3\sources\objloader.cpp">
      <Filter>Source Files</Filter>
    </ClCompile>
    <ClCompile Include="C:\Users\Inessa\Documents\Prova1\Questao_3\sources\quaternion_utils.cpp">
      <Filter>Source Files</Filter>
    </ClCompile>
    <ClCompile Include="C:\Users\Inessa\Documents\Prova1\Questao_3\sources\shader.cpp">
      <Filter>Source Files</Filter>
    </ClCompile>
    <ClCompile Include="C:\Users\Inessa\Documents\Prova1\Questao_3\sources\tangentspace.cpp">
      <Filter>Source Files</Filter>
    </ClCompile>
    <ClCompile Include="C:\Users\Inessa\Documents\Prova1\Questao_3\sources\text2D.cpp">
      <Filter>Source Files</Filter>
    </ClCompile>
    <ClCompile Include="C:\Users\Inessa\Documents\Prova1\Questao_3\sources\texture.cpp">
      <Filter>Source Files</Filter>
    </ClCompile>
    <ClCompile Include="C:\Users\Inessa\Documents\Prova1\Questao_3\sources\vboindexer.cpp">
      <Filter>Source Files</Filter>
    </ClCompile>
    <ClCompile Include="C:\Users\Inessa\Documents\Prova1\Questao_3\sources\glerror.cpp">
      <Filter>Source Files</Filter>
    </ClCompile>
  </ItemGroup>
  <ItemGroup>
    <ClInclude Include="C:\Users\Inessa\Documents\Prova1\Questao_3\include\controls.hpp">
      <Filter>Header Files</Filter>
    </ClInclude>
    <ClInclude Include="C:\Users\Inessa\Documents\Prova1\Questao_3\include\objloader.hpp">
      <Filter>Header Files</Filter>
    </ClInclude>
    <ClInclude Include="C:\Users\Inessa\Documents\Prova1\Questao_3\include\quaternion_utils.hpp">
      <Filter>Header Files</Filter>
    </ClInclude>
    <ClInclude Include="C:\Users\Inessa\Documents\Prova1\Questao_3\include\shader.hpp">
      <Filter>Header Files</Filter>
    </ClInclude>
    <ClInclude Include="C:\Users\Inessa\Documents\Prova1\Questao_3\include\tangentspace.hpp">
      <Filter>Header Files</Filter>
    </ClInclude>
    <ClInclude Include="C:\Users\Inessa\Documents\Prova1\Questao_3\include\text2D.hpp">
      <Filter>Header Files</Filter>
    </ClInclude>
    <ClInclude Include="C:\Users\Inessa\Documents\Prova1\Questao_3\include\texture.hpp">
      <Filter>Header Files</Filter>
    </ClInclude>
    <ClInclude Include="C:\Users\Inessa\Documents\Prova1\Questao_3\include\vboindexer.hpp">
      <Filter>Header Files</Filter>
    </ClInclude>
    <ClInclude Include="C:\Users\Inessa\Documents\Prova1\Questao_3\include\glerror.hpp">
      <Filter>Header Files</Filter>
    </ClInclude>
  </ItemGroup>
  <ItemGroup>
    <CustomBuild Include="C:\Users\Inessa\Documents\Prova1\Questao_3\CMakeLists.txt" />
  </ItemGroup>
  <ItemGroup>
    <Filter Include="Source Files">
      <UniqueIdentifier>{6C3CB18E-1712-3449-8C6F-E503CE7469D7}</UniqueIdentifier>
    </Filter>
    <Filter Include="Header Files">
      <UniqueIdentifier>{E1AC1A70-6B97-3ACE-9383-49E645E6357D}</UniqueIdentifier>
    </Filter>
  </ItemGroup>
</Project>
